{
  "R": {
    "Version": "4.4.1",
    "Repositories": [
      {
        "Name": "CRAN",
        "URL": "https://cran.rstudio.com"
      }
    ]
  },
  "Packages": {
    "renv": {
      "Package": "renv",
      "Version": "1.0.11",
      "Source": "Repository",
      "Repository": "CRAN",
      "Requirements": [
        "utils"
      ],
      "Hash": "47623f66b4e80b3b0587bc5d7b309888"
    },
    "tidyverse": {
      "Package": "tidyverse",
      "Version": "2.0.0",
      "Source": "Repository",
      "Repository": "CRAN",
      "Requirements": [
        "broom",
        "conflicted",
        "dbplyr",
        "dplyr",
        "forcats",
        "ggplot2",
        "lubridate",
        "purrr",
        "readr",
        "readxl",
        "stringr",
        "tibble",
        "tidyr"
      ],
      "Hash": "c328568cd14ea89a83bd4ca7f54ae07e"
    },
    "stringdist": {
      "Package": "stringdist",
      "Version": "0.9.12",
      "Source": "Repository",
      "Repository": "CRAN",
      "Requirements": [
        "R"
      ],
      "Hash": "9c68b1d11bdccafbeed12ead82d51173"
    }
  }
}
